{
  "name": "gpsmerge",
  "version": "0.0.1",
  "lockfileVersion": 1,
  "requires": true,
  "dependencies": {
    "@ctheory/promisify": {
      "version": "0.0.2",
      "resolved": "https://registry.npmjs.org/@ctheory/promisify/-/promisify-0.0.2.tgz",
      "integrity": "sha512-hhtbaQd7SIv6xE8F+2FchMLU0D5srMoQkYpUoBsmlVku7tCKWeI42DCjbcLVmgDl5ddjjdnlG9qaAdI3/zSzfg=="
    }
  }
}
