{
  "name": "gpxmerge",
  "version": "0.0.1",
  "lockfileVersion": 1,
  "requires": true,
  "dependencies": {
    "@ctheory/promisify": {
      "version": "0.0.2",
      "resolved": "https://registry.npmjs.org/@ctheory/promisify/-/promisify-0.0.2.tgz",
      "integrity": "sha512-hhtbaQd7SIv6xE8F+2FchMLU0D5srMoQkYpUoBsmlVku7tCKWeI42DCjbcLVmgDl5ddjjdnlG9qaAdI3/zSzfg=="
    },
    "idx": {
      "version": "2.5.0",
      "resolved": "https://registry.npmjs.org/idx/-/idx-2.5.0.tgz",
      "integrity": "sha512-G+vFhPmZ+DbWJ+D/OISEtRW38bqNm4BVbYSrcsXe9OS/unTtnKjChbIxdLN5YnoipCj+1Ft1s7m8jCY2CGdUmA=="
    },
    "sax": {
      "version": "1.2.4",
      "resolved": "https://registry.npmjs.org/sax/-/sax-1.2.4.tgz",
      "integrity": "sha512-NqVDv9TpANUjFm0N8uM5GxL36UgKi9/atZw+x7YFnQ8ckwFGKrl4xX4yWtrey3UJm5nP1kUbnYgLopqWNSRhWw=="
    },
    "xml2js": {
      "version": "0.4.19",
      "resolved": "https://registry.npmjs.org/xml2js/-/xml2js-0.4.19.tgz",
      "integrity": "sha512-esZnJZJOiJR9wWKMyuvSE1y6Dq5LCuJanqhxslH2bxM6duahNZ+HMpCLhBQGZkbX6xRf8x1Y2eJlgt2q3qo49Q==",
      "requires": {
        "sax": ">=0.6.0",
        "xmlbuilder": "~9.0.1"
      }
    },
    "xmlbuilder": {
      "version": "9.0.7",
      "resolved": "http://registry.npmjs.org/xmlbuilder/-/xmlbuilder-9.0.7.tgz",
      "integrity": "sha1-Ey7mPS7FVlxVfiD0wi35rKaGsQ0="
    }
  }
}
